{
    "_readme": [
        "This file locks the dependencies of your project to a known state",
        "Read more about it at https://getcomposer.org/doc/01-basic-usage.md#composer-lock-the-lock-file",
        "This file is @generated automatically"
    ],
    "hash": "b99226f3c51df0b7781c42979a19e16b",
    "content-hash": "639b3dba1712f741e4085e931d7559ef",
    "packages": [
        {
            "name": "cache/adapter-common",
            "version": "0.3.3",
            "source": {
                "type": "git",
                "url": "https://github.com/php-cache/adapter-common.git",
                "reference": "874256105aefaa52b60599ab02858a4575e61095"
            },
            "dist": {
                "type": "zip",
                "url": "https://api.github.com/repos/php-cache/adapter-common/zipball/874256105aefaa52b60599ab02858a4575e61095",
                "reference": "874256105aefaa52b60599ab02858a4575e61095",
                "shasum": ""
            },
            "require": {
                "cache/taggable-cache": "^0.4",
                "php": "^5.5 || ^7.0",
                "psr/cache": "^1.0",
                "psr/log": "^1.0"
            },
            "require-dev": {
                "cache/integration-tests": "^0.10",
                "phpunit/phpunit": "^4.0 || ^5.1"
            },
            "type": "library",
            "autoload": {
                "psr-4": {
                    "Cache\\Adapter\\Common\\": ""
                }
            },
            "notification-url": "https://packagist.org/downloads/",
            "license": [
                "MIT"
            ],
            "authors": [
                {
                    "name": "Aaron Scherer",
                    "email": "aequasi@gmail.com",
                    "homepage": "https://github.com/aequasi"
                },
                {
                    "name": "Tobias Nyholm",
                    "email": "tobias.nyholm@gmail.com",
                    "homepage": "https://github.com/nyholm"
                }
            ],
            "description": "Common classes for PSR-6 adapters",
            "homepage": "http://www.php-cache.com/en/latest/",
            "keywords": [
                "cache",
                "psr-6",
                "tag"
            ],
            "time": "2016-07-31 18:10:41"
        },
        {
            "name": "cache/filesystem-adapter",
            "version": "0.3.2",
            "source": {
                "type": "git",
                "url": "https://github.com/php-cache/filesystem-adapter.git",
                "reference": "eeb6a2b60fdcb4984c90113fd37f17a36c13ac02"
            },
            "dist": {
                "type": "zip",
                "url": "https://api.github.com/repos/php-cache/filesystem-adapter/zipball/eeb6a2b60fdcb4984c90113fd37f17a36c13ac02",
                "reference": "eeb6a2b60fdcb4984c90113fd37f17a36c13ac02",
                "shasum": ""
            },
            "require": {
                "cache/adapter-common": "^0.3",
                "cache/taggable-cache": "^0.4",
                "league/flysystem": "^1.0",
                "php": "^5.5 || ^7.0",
                "psr/cache": "^1.0"
            },
            "provide": {
                "psr/cache-implementation": "^1.0"
            },
            "require-dev": {
                "cache/integration-tests": "^0.11",
                "phpunit/phpunit": "^4.0 || ^5.1"
            },
            "type": "library",
            "autoload": {
                "psr-4": {
                    "Cache\\Adapter\\Filesystem\\": ""
                },
                "exclude-from-classmap": [
                    "/Tests/"
                ]
            },
            "notification-url": "https://packagist.org/downloads/",
            "license": [
                "MIT"
            ],
            "authors": [
                {
                    "name": "Aaron Scherer",
                    "email": "aequasi@gmail.com",
                    "homepage": "https://github.com/aequasi"
                },
                {
                    "name": "Tobias Nyholm",
                    "email": "tobias.nyholm@gmail.com",
                    "homepage": "https://github.com/nyholm"
                }
            ],
            "description": "A PSR-6 cache implementation using filesystem. This implementation supports tags",
            "homepage": "http://www.php-cache.com/en/latest/",
            "keywords": [
                "cache",
                "filesystem",
                "psr-6",
                "tag"
            ],
            "time": "2016-10-19 18:54:43"
        },
        {
            "name": "cache/taggable-cache",
            "version": "0.4.3",
            "source": {
                "type": "git",
                "url": "https://github.com/php-cache/taggable-cache.git",
                "reference": "8ae3042edd1ac9546c9eae1020dc2b438ef10742"
            },
            "dist": {
                "type": "zip",
                "url": "https://api.github.com/repos/php-cache/taggable-cache/zipball/8ae3042edd1ac9546c9eae1020dc2b438ef10742",
                "reference": "8ae3042edd1ac9546c9eae1020dc2b438ef10742",
                "shasum": ""
            },
            "require": {
                "php": "^5.5 || ^7.0",
                "psr/cache": "^1.0"
            },
            "require-dev": {
                "cache/integration-tests": "^0.11",
                "phpunit/phpunit": "^4.0 || ^5.1",
                "symfony/cache": "^3.1"
            },
            "type": "library",
            "autoload": {
                "psr-4": {
                    "Cache\\Taggable\\": ""
                },
                "exclude-from-classmap": [
                    "/Tests/"
                ]
            },
            "notification-url": "https://packagist.org/downloads/",
            "license": [
                "MIT"
            ],
            "authors": [
                {
                    "name": "Aaron Scherer",
                    "email": "aequasi@gmail.com",
                    "homepage": "https://github.com/aequasi"
                },
                {
                    "name": "Tobias Nyholm",
                    "email": "tobias.nyholm@gmail.com",
                    "homepage": "https://github.com/nyholm"
                }
            ],
            "description": "Add tag support to your PSR-6 cache implementation",
            "homepage": "http://www.php-cache.com/en/latest/",
            "keywords": [
                "Taggable",
                "cache",
                "psr6",
                "tag"
            ],
            "time": "2016-08-08 17:20:09"
        },
        {
            "name": "commercetools/php-sdk",
            "version": "v1.5.1",
            "source": {
                "type": "git",
                "url": "https://github.com/commercetools/commercetools-php-sdk.git",
                "reference": "d31d97e025e457bc5df0fc0995854d6d4023afa1"
            },
            "dist": {
                "type": "zip",
                "url": "https://api.github.com/repos/commercetools/commercetools-php-sdk/zipball/d31d97e025e457bc5df0fc0995854d6d4023afa1",
                "reference": "d31d97e025e457bc5df0fc0995854d6d4023afa1",
                "shasum": ""
            },
            "require": {
                "ext-intl": "*",
                "ext-mbstring": "*",
                "guzzlehttp/guzzle": "^5.0 || ^6.0",
                "guzzlehttp/psr7": "^1.1",
                "php": ">=5.4",
                "pimple/pimple": "^3.0",
                "psr/cache": "^1.0",
                "psr/log": "^1.0"
            },
            "require-dev": {
                "behat/behat": "^3.0",
                "cache/array-adapter": "^0.4.0",
                "cache/filesystem-adapter": "^0.3.0",
                "doctrine/cache": "^1.5",
                "friendsofphp/php-cs-fixer": "@stable",
                "guzzlehttp/guzzle": "^6.0",
                "incenteev/composer-parameter-handler": "^2.1",
                "mayflower/php-codebrowser": "^1.0",
                "monolog/monolog": "^1.12",
                "pdepend/pdepend": "@stable",
                "phploc/phploc": "^2.0",
                "phpmd/phpmd": "@stable",
                "phpunit/phpcov": "*",
                "phpunit/phpunit": "^5.0 || ^4.8",
                "sebastian/phpcpd": "@stable",
                "squizlabs/php_codesniffer": "^2.6",
                "symfony/yaml": "*"
            },
            "type": "project",
            "extra": {
                "branch-alias": {
                    "dev-develop": "1.5-dev"
                },
                "incenteev-parameters": [
                    {
                        "file": "docroot/myapp.yml",
                        "env-map": {
                            "client_id": "COMMERCETOOLS_CLIENT_ID",
                            "client_secret": "COMMERCETOOLS_CLIENT_SECRET",
                            "project": "COMMERCETOOLS_PROJECT"
                        }
                    },
                    {
                        "file": "tests/myapp.yml",
                        "env-map": {
                            "client_id": "COMMERCETOOLS_CLIENT_ID",
                            "client_secret": "COMMERCETOOLS_CLIENT_SECRET",
                            "project": "COMMERCETOOLS_PROJECT",
                            "oauth_url": "COMMERCETOOLS_OAUTH_URL",
                            "api_url": "COMMERCETOOLS_API_URL"
                        }
                    }
                ]
            },
            "autoload": {
                "psr-4": {
                    "Commercetools\\Core\\": "src/"
                }
            },
            "notification-url": "https://packagist.org/downloads/",
            "license": [
                "MIT"
            ],
            "description": "The commercetools PHP SDK  The official PHP Interface to the commercetools eCommerce API",
            "homepage": "https://github.com/commercetools/commercetools-php-sdk",
            "time": "2016-11-21 15:29:35"
        },
        {
            "name": "guzzlehttp/guzzle",
            "version": "6.2.2",
            "source": {
                "type": "git",
                "url": "https://github.com/guzzle/guzzle.git",
                "reference": "ebf29dee597f02f09f4d5bbecc68230ea9b08f60"
            },
            "dist": {
                "type": "zip",
                "url": "https://api.github.com/repos/guzzle/guzzle/zipball/ebf29dee597f02f09f4d5bbecc68230ea9b08f60",
                "reference": "ebf29dee597f02f09f4d5bbecc68230ea9b08f60",
                "shasum": ""
            },
            "require": {
                "guzzlehttp/promises": "^1.0",
                "guzzlehttp/psr7": "^1.3.1",
                "php": ">=5.5"
            },
            "require-dev": {
                "ext-curl": "*",
                "phpunit/phpunit": "^4.0",
                "psr/log": "^1.0"
            },
            "type": "library",
            "extra": {
                "branch-alias": {
                    "dev-master": "6.2-dev"
                }
            },
            "autoload": {
                "files": [
                    "src/functions_include.php"
                ],
                "psr-4": {
                    "GuzzleHttp\\": "src/"
                }
            },
            "notification-url": "https://packagist.org/downloads/",
            "license": [
                "MIT"
            ],
            "authors": [
                {
                    "name": "Michael Dowling",
                    "email": "mtdowling@gmail.com",
                    "homepage": "https://github.com/mtdowling"
                }
            ],
            "description": "Guzzle is a PHP HTTP client library",
            "homepage": "http://guzzlephp.org/",
            "keywords": [
                "client",
                "curl",
                "framework",
                "http",
                "http client",
                "rest",
                "web service"
            ],
            "time": "2016-10-08 15:01:37"
        },
        {
            "name": "guzzlehttp/promises",
            "version": "1.3.0",
            "source": {
                "type": "git",
                "url": "https://github.com/guzzle/promises.git",
                "reference": "2693c101803ca78b27972d84081d027fca790a1e"
            },
            "dist": {
                "type": "zip",
                "url": "https://api.github.com/repos/guzzle/promises/zipball/2693c101803ca78b27972d84081d027fca790a1e",
                "reference": "2693c101803ca78b27972d84081d027fca790a1e",
                "shasum": ""
            },
            "require": {
                "php": ">=5.5.0"
            },
            "require-dev": {
                "phpunit/phpunit": "~4.0"
            },
            "type": "library",
            "extra": {
                "branch-alias": {
                    "dev-master": "1.0-dev"
                }
            },
            "autoload": {
                "psr-4": {
                    "GuzzleHttp\\Promise\\": "src/"
                },
                "files": [
                    "src/functions_include.php"
                ]
            },
            "notification-url": "https://packagist.org/downloads/",
            "license": [
                "MIT"
            ],
            "authors": [
                {
                    "name": "Michael Dowling",
                    "email": "mtdowling@gmail.com",
                    "homepage": "https://github.com/mtdowling"
                }
            ],
            "description": "Guzzle promises library",
            "keywords": [
                "promise"
            ],
            "time": "2016-11-18 17:47:58"
        },
        {
            "name": "guzzlehttp/psr7",
            "version": "1.3.1",
            "source": {
                "type": "git",
                "url": "https://github.com/guzzle/psr7.git",
                "reference": "5c6447c9df362e8f8093bda8f5d8873fe5c7f65b"
            },
            "dist": {
                "type": "zip",
                "url": "https://api.github.com/repos/guzzle/psr7/zipball/5c6447c9df362e8f8093bda8f5d8873fe5c7f65b",
                "reference": "5c6447c9df362e8f8093bda8f5d8873fe5c7f65b",
                "shasum": ""
            },
            "require": {
                "php": ">=5.4.0",
                "psr/http-message": "~1.0"
            },
            "provide": {
                "psr/http-message-implementation": "1.0"
            },
            "require-dev": {
                "phpunit/phpunit": "~4.0"
            },
            "type": "library",
            "extra": {
                "branch-alias": {
                    "dev-master": "1.4-dev"
                }
            },
            "autoload": {
                "psr-4": {
                    "GuzzleHttp\\Psr7\\": "src/"
                },
                "files": [
                    "src/functions_include.php"
                ]
            },
            "notification-url": "https://packagist.org/downloads/",
            "license": [
                "MIT"
            ],
            "authors": [
                {
                    "name": "Michael Dowling",
                    "email": "mtdowling@gmail.com",
                    "homepage": "https://github.com/mtdowling"
                }
            ],
            "description": "PSR-7 message implementation",
            "keywords": [
                "http",
                "message",
                "stream",
                "uri"
            ],
            "time": "2016-06-24 23:00:38"
        },
        {
            "name": "league/flysystem",
            "version": "1.0.32",
            "source": {
                "type": "git",
                "url": "https://github.com/thephpleague/flysystem.git",
                "reference": "1b5c4a0031697f46e779a9d1b309c2e1b24daeab"
            },
            "dist": {
                "type": "zip",
                "url": "https://api.github.com/repos/thephpleague/flysystem/zipball/1b5c4a0031697f46e779a9d1b309c2e1b24daeab",
                "reference": "1b5c4a0031697f46e779a9d1b309c2e1b24daeab",
                "shasum": ""
            },
            "require": {
                "php": ">=5.5.9"
            },
            "conflict": {
                "league/flysystem-sftp": "<1.0.6"
            },
            "require-dev": {
                "ext-fileinfo": "*",
                "mockery/mockery": "~0.9",
                "phpspec/phpspec": "^2.2",
                "phpunit/phpunit": "~4.8"
            },
            "suggest": {
                "ext-fileinfo": "Required for MimeType",
                "league/flysystem-aws-s3-v2": "Allows you to use S3 storage with AWS SDK v2",
                "league/flysystem-aws-s3-v3": "Allows you to use S3 storage with AWS SDK v3",
                "league/flysystem-azure": "Allows you to use Windows Azure Blob storage",
                "league/flysystem-cached-adapter": "Flysystem adapter decorator for metadata caching",
                "league/flysystem-copy": "Allows you to use Copy.com storage",
                "league/flysystem-dropbox": "Allows you to use Dropbox storage",
                "league/flysystem-eventable-filesystem": "Allows you to use EventableFilesystem",
                "league/flysystem-rackspace": "Allows you to use Rackspace Cloud Files",
                "league/flysystem-sftp": "Allows you to use SFTP server storage via phpseclib",
                "league/flysystem-webdav": "Allows you to use WebDAV storage",
                "league/flysystem-ziparchive": "Allows you to use ZipArchive adapter"
            },
            "type": "library",
            "extra": {
                "branch-alias": {
                    "dev-master": "1.1-dev"
                }
            },
            "autoload": {
                "psr-4": {
                    "League\\Flysystem\\": "src/"
                }
            },
            "notification-url": "https://packagist.org/downloads/",
            "license": [
                "MIT"
            ],
            "authors": [
                {
                    "name": "Frank de Jonge",
                    "email": "info@frenky.net"
                }
            ],
            "description": "Filesystem abstraction: Many filesystems, one API.",
            "keywords": [
                "Cloud Files",
                "WebDAV",
                "abstraction",
                "aws",
                "cloud",
                "copy.com",
                "dropbox",
                "file systems",
                "files",
                "filesystem",
                "filesystems",
                "ftp",
                "rackspace",
                "remote",
                "s3",
                "sftp",
                "storage"
            ],
            "time": "2016-10-19 20:38:46"
        },
        {
            "name": "pimple/pimple",
            "version": "v3.0.2",
            "source": {
                "type": "git",
                "url": "https://github.com/silexphp/Pimple.git",
                "reference": "a30f7d6e57565a2e1a316e1baf2a483f788b258a"
            },
            "dist": {
                "type": "zip",
                "url": "https://api.github.com/repos/silexphp/Pimple/zipball/a30f7d6e57565a2e1a316e1baf2a483f788b258a",
                "reference": "a30f7d6e57565a2e1a316e1baf2a483f788b258a",
                "shasum": ""
            },
            "require": {
                "php": ">=5.3.0"
            },
            "type": "library",
            "extra": {
                "branch-alias": {
                    "dev-master": "3.0.x-dev"
                }
            },
            "autoload": {
                "psr-0": {
                    "Pimple": "src/"
                }
            },
            "notification-url": "https://packagist.org/downloads/",
            "license": [
                "MIT"
            ],
            "authors": [
                {
                    "name": "Fabien Potencier",
                    "email": "fabien@symfony.com"
                }
            ],
            "description": "Pimple, a simple Dependency Injection Container",
            "homepage": "http://pimple.sensiolabs.org",
            "keywords": [
                "container",
                "dependency injection"
            ],
            "time": "2015-09-11 15:10:35"
        },
        {
            "name": "psr/cache",
            "version": "1.0.1",
            "source": {
                "type": "git",
                "url": "https://github.com/php-fig/cache.git",
                "reference": "d11b50ad223250cf17b86e38383413f5a6764bf8"
            },
            "dist": {
                "type": "zip",
                "url": "https://api.github.com/repos/php-fig/cache/zipball/d11b50ad223250cf17b86e38383413f5a6764bf8",
                "reference": "d11b50ad223250cf17b86e38383413f5a6764bf8",
                "shasum": ""
            },
            "require": {
                "php": ">=5.3.0"
            },
            "type": "library",
            "extra": {
                "branch-alias": {
                    "dev-master": "1.0.x-dev"
                }
            },
            "autoload": {
                "psr-4": {
                    "Psr\\Cache\\": "src/"
                }
            },
            "notification-url": "https://packagist.org/downloads/",
            "license": [
                "MIT"
            ],
            "authors": [
                {
                    "name": "PHP-FIG",
                    "homepage": "http://www.php-fig.org/"
                }
            ],
            "description": "Common interface for caching libraries",
            "keywords": [
                "cache",
                "psr",
                "psr-6"
            ],
            "time": "2016-08-06 20:24:11"
        },
        {
            "name": "psr/http-message",
            "version": "1.0.1",
            "source": {
                "type": "git",
                "url": "https://github.com/php-fig/http-message.git",
                "reference": "f6561bf28d520154e4b0ec72be95418abe6d9363"
            },
            "dist": {
                "type": "zip",
                "url": "https://api.github.com/repos/php-fig/http-message/zipball/f6561bf28d520154e4b0ec72be95418abe6d9363",
                "reference": "f6561bf28d520154e4b0ec72be95418abe6d9363",
                "shasum": ""
            },
            "require": {
                "php": ">=5.3.0"
            },
            "type": "library",
            "extra": {
                "branch-alias": {
                    "dev-master": "1.0.x-dev"
                }
            },
            "autoload": {
                "psr-4": {
                    "Psr\\Http\\Message\\": "src/"
                }
            },
            "notification-url": "https://packagist.org/downloads/",
            "license": [
                "MIT"
            ],
            "authors": [
                {
                    "name": "PHP-FIG",
                    "homepage": "http://www.php-fig.org/"
                }
            ],
            "description": "Common interface for HTTP messages",
            "homepage": "https://github.com/php-fig/http-message",
            "keywords": [
                "http",
                "http-message",
                "psr",
                "psr-7",
                "request",
                "response"
            ],
            "time": "2016-08-06 14:39:51"
        },
        {
            "name": "psr/log",
            "version": "1.0.2",
            "source": {
                "type": "git",
                "url": "https://github.com/php-fig/log.git",
                "reference": "4ebe3a8bf773a19edfe0a84b6585ba3d401b724d"
            },
            "dist": {
                "type": "zip",
                "url": "https://api.github.com/repos/php-fig/log/zipball/4ebe3a8bf773a19edfe0a84b6585ba3d401b724d",
                "reference": "4ebe3a8bf773a19edfe0a84b6585ba3d401b724d",
                "shasum": ""
            },
            "require": {
                "php": ">=5.3.0"
            },
            "type": "library",
            "extra": {
                "branch-alias": {
                    "dev-master": "1.0.x-dev"
                }
            },
            "autoload": {
                "psr-4": {
                    "Psr\\Log\\": "Psr/Log/"
                }
            },
            "notification-url": "https://packagist.org/downloads/",
            "license": [
                "MIT"
            ],
            "authors": [
                {
                    "name": "PHP-FIG",
                    "homepage": "http://www.php-fig.org/"
                }
            ],
            "description": "Common interface for logging libraries",
            "homepage": "https://github.com/php-fig/log",
            "keywords": [
                "log",
                "psr",
                "psr-3"
            ],
            "time": "2016-10-10 12:19:37"
        }
    ],
    "packages-dev": [],
    "aliases": [],
    "minimum-stability": "stable",
    "stability-flags": [],
    "prefer-stable": false,
    "prefer-lowest": false,
    "platform": [],
    "platform-dev": []
}
